
Microsoft Visual Studio Solution File, Format Version 12.00
# Visual Studio Version 17
VisualStudioVersion = 17.7.34031.279
MinimumVisualStudioVersion = 10.0.40219.1
Project("{FAE04EC0-301F-11D3-BF4B-00C04F79EFBC}") = "TruckControllers", "TruckControllers\TruckControllers.csproj", "{3878EC3B-7C4F-4795-BDC9-8CCEAEE10E03}"
EndProject
Global
	GlobalSection(SolutionConfigurationPlatforms) = preSolution
		Debug|Any CPU = Debug|Any CPU
		Release|Any CPU = Release|Any CPU
	EndGlobalSection
	GlobalSection(ProjectConfigurationPlatforms) = postSolution
		{3878EC3B-7C4F-4795-BDC9-8CCEAEE10E03}.Debug|Any CPU.ActiveCfg = Debug|Any CPU
		{3878EC3B-7C4F-4795-BDC9-8CCEAEE10E03}.Debug|Any CPU.Build.0 = Debug|Any CPU
		{3878EC3B-7C4F-4795-BDC9-8CCEAEE10E03}.Release|Any CPU.ActiveCfg = Release|Any CPU
		{3878EC3B-7C4F-4795-BDC9-8CCEAEE10E03}.Release|Any CPU.Build.0 = Release|Any CPU
	EndGlobalSection
	GlobalSection(SolutionProperties) = preSolution
		HideSolutionNode = FALSE
	EndGlobalSection
	GlobalSection(ExtensibilityGlobals) = postSolution
		SolutionGuid = {9B4E6B56-B7BF-4236-8147-72E1D4F71DAA}
	EndGlobalSection
EndGlobal
